// !$*UTF8*$!
{
	archiveVersion = 1;
	classes = {
	};
	objectVersion = 46;
	objects = {

/* Begin PBXAggregateTarget section */
		BD49D660498722637DB70424 /* Qt Preprocess */ = {
			isa = PBXAggregateTarget;
			buildConfigurationList = 6CC3B5D2136C7CD6A5CF5A59 /* Build configuration list for PBXNativeTarget "Flyhigher" */;
			buildPhases = (
				5E618435888B9D49F8540165 /* Qt Qmake */,
				7EF0942E79C014DCEC8976BC /* Qt Preprocessors */,
			);
			dependencies = (
			);
			name = "Qt Preprocess";
			productName = "Qt Preprocess";
		};
/* End PBXAggregateTarget section */

/* Begin PBXBuildFile section */
		05DF2596A61EF8F1CAD56E74 /* Entity.cpp in Compile Sources */ = {isa = PBXBuildFile; fileRef = 952881CCFE7CAE4837C0E37D /* Entity.cpp */; settings = {ATTRIBUTES = (); }; };
		0D46DE6672A4835F6222B73C /* Bomber.cpp in Compile Sources */ = {isa = PBXBuildFile; fileRef = 21D1130AFDB32848EC229E03 /* Bomber.cpp */; settings = {ATTRIBUTES = (); }; };
		0DE0128D7C945D5CFA4852D7 /* Judger.cpp in Compile Sources */ = {isa = PBXBuildFile; fileRef = AD3285E8FA3743285FE3D2CC /* Judger.cpp */; settings = {ATTRIBUTES = (); }; };
		0F3EEFECD9581A06A11798B6 /* Carrier.cpp in Compile Sources */ = {isa = PBXBuildFile; fileRef = 68237EA222DA783873A2A6D3 /* Carrier.cpp */; settings = {ATTRIBUTES = (); }; };
		13D9CF8844E0C8BD7C5C514D /* Color.cpp in Compile Sources */ = {isa = PBXBuildFile; fileRef = 5DCA93949ABF3A5C8A0EEB12 /* Color.cpp */; settings = {ATTRIBUTES = (); }; };
		14DFB3146B3F6055D2238AA4 /* WeaponConfiguration.cpp in Compile Sources */ = {isa = PBXBuildFile; fileRef = 955E9B04EDB930341E0555E0 /* WeaponConfiguration.cpp */; settings = {ATTRIBUTES = (); }; };
		1B2BEB00E78A04479D00ECF3 /* LargeStarConfiguration.cpp in Compile Sources */ = {isa = PBXBuildFile; fileRef = 88E40C13BCCA10F16AAF6398 /* LargeStarConfiguration.cpp */; settings = {ATTRIBUTES = (); }; };
		1FC7F86FA7F48F08A7AF7973 /* main.cpp in Compile Sources */ = {isa = PBXBuildFile; fileRef = 9C59E97BE51C81430EA78079 /* main.cpp */; settings = {ATTRIBUTES = (); }; };
		1FF9DC5C271DE3DC2D21A07F /* Weapon.cpp in Compile Sources */ = {isa = PBXBuildFile; fileRef = 262F54577A6E174FF101E003 /* Weapon.cpp */; settings = {ATTRIBUTES = (); }; };
		222B2EFBDFC100AAB9CF2C4C /* mainwindow.cpp in Compile Sources */ = {isa = PBXBuildFile; fileRef = 02282BCE7D995409F4520CCE /* mainwindow.cpp */; settings = {ATTRIBUTES = (); }; };
		297F982AB27D46EE7CAA6E7C /* Nuke.cpp in Compile Sources */ = {isa = PBXBuildFile; fileRef = 4BF5EF68DB1DCE84047EFCFA /* Nuke.cpp */; settings = {ATTRIBUTES = (); }; };
		2B4983982B03DA0987BD3773 /* Map.cpp in Compile Sources */ = {isa = PBXBuildFile; fileRef = AB0414F8AD7D563DF3CEF8CA /* Map.cpp */; settings = {ATTRIBUTES = (); }; };
		2D59C7F48D5F17D5BD87ED7D /* QtCore.framework in Link Binary With Libraries */ = {isa = PBXBuildFile; fileRef = 8C199EA062F691D3A68C20C1 /* QtCore.framework */; };
		2DF52C70A12A1661D7704FD1 /* PlaneConfiguration.cpp in Compile Sources */ = {isa = PBXBuildFile; fileRef = C904EB3C86B1F943ED4E1008 /* PlaneConfiguration.cpp */; settings = {ATTRIBUTES = (); }; };
		33272F1DCDD60E7EFE770829 /* ResourceEntityGenerator.cpp in Compile Sources */ = {isa = PBXBuildFile; fileRef = B78CB4DF2DADEFEE0B5A3C4E /* ResourceEntityGenerator.cpp */; settings = {ATTRIBUTES = (); }; };
		4748FF51938F547AE44E55A9 /* ResourceEntity.cpp in Compile Sources */ = {isa = PBXBuildFile; fileRef = 64DD1B95C88646936FC79E7B /* ResourceEntity.cpp */; settings = {ATTRIBUTES = (); }; };
		490C2C2B4D25CCDEEC5F278E /* Logger.cpp in Compile Sources */ = {isa = PBXBuildFile; fileRef = 7C5C2626B5CCC99C037B7BF8 /* Logger.cpp */; settings = {ATTRIBUTES = (); }; };
		4BFC1A4088FA2E3F720620AB /* Bullet.cpp in Compile Sources */ = {isa = PBXBuildFile; fileRef = C32BF333CF73FD8DEAC7947B /* Bullet.cpp */; settings = {ATTRIBUTES = (); }; };
		4D376CBE71A21EB4352412DC /* PlayerConfiguration.cpp in Compile Sources */ = {isa = PBXBuildFile; fileRef = F160CF471820C241F824F887 /* PlayerConfiguration.cpp */; settings = {ATTRIBUTES = (); }; };
		4DD2F3408CB1E15B67DFC7C2 /* spacewindow.cpp in Compile Sources */ = {isa = PBXBuildFile; fileRef = 3D24BB1C5B35BA74CC6C1793 /* spacewindow.cpp */; settings = {ATTRIBUTES = (); }; };
		510E5E85022A3F32251F121B /* readonlydelegate.cpp in Compile Sources */ = {isa = PBXBuildFile; fileRef = 4FE759EEB6DDC0630DE44605 /* readonlydelegate.cpp */; settings = {ATTRIBUTES = (); }; };
		53277FB7B14889699BA9FA5C /* NukeConfiguration.cpp in Compile Sources */ = {isa = PBXBuildFile; fileRef = 6AA1E541384278F382F614A2 /* NukeConfiguration.cpp */; settings = {ATTRIBUTES = (); }; };
		540954AD439C997270F907A5 /* LittleStarConfiguration.cpp in Compile Sources */ = {isa = PBXBuildFile; fileRef = 379C29AD67B4BE73D833C48D /* LittleStarConfiguration.cpp */; settings = {ATTRIBUTES = (); }; };
		6092CA4E20BD14BA8B979C4E /* Engine.cpp in Compile Sources */ = {isa = PBXBuildFile; fileRef = A88FDEFA6E30BCA7A8BB0DBC /* Engine.cpp */; settings = {ATTRIBUTES = (); }; };
		61A5F764BE73C4DB283745D6 /* uiconfig.cpp in Compile Sources */ = {isa = PBXBuildFile; fileRef = 7C031002E0A2949D00F2C7C7 /* uiconfig.cpp */; settings = {ATTRIBUTES = (); }; };
		71F9A683D15E63B45778C875 /* LoopConfiguration.cpp in Compile Sources */ = {isa = PBXBuildFile; fileRef = FD2BC6BCEA6430D82254D778 /* LoopConfiguration.cpp */; settings = {ATTRIBUTES = (); }; };
		7417526AEE0EFF7212C13107 /* LittleStar.cpp in Compile Sources */ = {isa = PBXBuildFile; fileRef = C1820D50451C1AB161A8D5FC /* LittleStar.cpp */; settings = {ATTRIBUTES = (); }; };
		74F7306309AFB8662CFDFFE8 /* JudgerConfiguration.cpp in Compile Sources */ = {isa = PBXBuildFile; fileRef = 981227CE9901FA783129C6A5 /* JudgerConfiguration.cpp */; settings = {ATTRIBUTES = (); }; };
		81C4E5DDF13E879A016B74FB /* LargeStar.cpp in Compile Sources */ = {isa = PBXBuildFile; fileRef = 43A0529063467FE01CF1559F /* LargeStar.cpp */; settings = {ATTRIBUTES = (); }; };
		8300E15C6D5DB77138597BA1 /* MapConfiguration.cpp in Compile Sources */ = {isa = PBXBuildFile; fileRef = 7BBEE0350CED3DC653385D57 /* MapConfiguration.cpp */; settings = {ATTRIBUTES = (); }; };
		8307F5E50953E4A92F29EFBC /* QtWidgets.framework in Link Binary With Libraries */ = {isa = PBXBuildFile; fileRef = 94C95751A571C95A0A11758D /* QtWidgets.framework */; };
		8771A8C96E9C391044035D99 /* OpenGL.framework in Link Binary With Libraries */ = {isa = PBXBuildFile; fileRef = D4B32C2222F82AC56BADEB21 /* OpenGL.framework */; };
		89B5E3D32B01AE73B353BCBD /* Vector2D.cpp in Compile Sources */ = {isa = PBXBuildFile; fileRef = DE2F4A95FCA4C5B3EBBA792A /* Vector2D.cpp */; settings = {ATTRIBUTES = (); }; };
		8A654146CAC8AFEA34C9F64C /* Fighter.cpp in Compile Sources */ = {isa = PBXBuildFile; fileRef = 5B59C1651F53AD33DA6AAFA3 /* Fighter.cpp */; settings = {ATTRIBUTES = (); }; };
		8D267F2E4776F0ECA2F49DC8 /* IOKit.framework in Link Binary With Libraries */ = {isa = PBXBuildFile; fileRef = A1A67BEAA744704B29168D39 /* IOKit.framework */; };
		90C89E2DC4E18062FD305F22 /* Configuration.cpp in Compile Sources */ = {isa = PBXBuildFile; fileRef = 127FB17BCA62001C1FA3C5F7 /* Configuration.cpp */; settings = {ATTRIBUTES = (); }; };
		91268DF602514CCC9E613CA3 /* libyaml-cpp.a in Link Binary With Libraries */ = {isa = PBXBuildFile; fileRef = E3FF5D0BA2CFECD9B9978E08 /* libyaml-cpp.a */; };
		9AC93BCCD4B60293CC2498AB /* GameConfiguration.cpp in Compile Sources */ = {isa = PBXBuildFile; fileRef = BB3F6F04E65971977DC3FC53 /* GameConfiguration.cpp */; settings = {ATTRIBUTES = (); }; };
		9D547556B8ED48CC15F1C11B /* RebuildableConfiguration.cpp in Compile Sources */ = {isa = PBXBuildFile; fileRef = 281A5FCE7E8C8A448FAFF1A2 /* RebuildableConfiguration.cpp */; settings = {ATTRIBUTES = (); }; };
		A799600CFBCFB34BE0AF8598 /* CarrierConfiguration.cpp in Compile Sources */ = {isa = PBXBuildFile; fileRef = 5DC13D7D7F90BBF30F0DE5DD /* CarrierConfiguration.cpp */; settings = {ATTRIBUTES = (); }; };
		A99B2AA0F9CBBDD12BA126A4 /* DiskArbitration.framework in Link Binary With Libraries */ = {isa = PBXBuildFile; fileRef = 2B774D8E4178765CE52EAAF5 /* DiskArbitration.framework */; };
		AC77D44AEB0A9CDB14B26FFD /* dummy.cpp in Compile Sources */ = {isa = PBXBuildFile; fileRef = F99A9E625CCDCB6C5AB12F48 /* dummy.cpp */; settings = {ATTRIBUTES = (); }; };
		B05EE5A81581443F24D77C90 /* LivingEntity.cpp in Compile Sources */ = {isa = PBXBuildFile; fileRef = 859D43D247C8195BB5732BC5 /* LivingEntity.cpp */; settings = {ATTRIBUTES = (); }; };
		C36F1C16D6EEA728F2FCA4CC /* Game.cpp in Compile Sources */ = {isa = PBXBuildFile; fileRef = 634C82B8361E8632EE7DDE7A /* Game.cpp */; settings = {ATTRIBUTES = (); }; };
		C8758EBBADA04A57ADE3D46D /* StartThread.cpp in Compile Sources */ = {isa = PBXBuildFile; fileRef = 39E8D45E709CFB1025E98A8F /* StartThread.cpp */; settings = {ATTRIBUTES = (); }; };
		C89571BCFBA2C6D924755A41 /* FighterConfiguration.cpp in Compile Sources */ = {isa = PBXBuildFile; fileRef = F8462086D4CEC683710F3AD7 /* FighterConfiguration.cpp */; settings = {ATTRIBUTES = (); }; };
		D8811BFF3517679B048A1DAE /* FlyObject.cpp in Compile Sources */ = {isa = PBXBuildFile; fileRef = D86CE9EBC42634F911ABE084 /* FlyObject.cpp */; settings = {ATTRIBUTES = (); }; };
		E136E089E3698963FCAD219B /* uitest.cpp in Compile Sources */ = {isa = PBXBuildFile; fileRef = BFFFB7370EBC7949BD8198FF /* uitest.cpp */; settings = {ATTRIBUTES = (); }; };
		E316221239E5F67ED9887751 /* Loop.cpp in Compile Sources */ = {isa = PBXBuildFile; fileRef = 07357BDD349F3CCA6EFCA077 /* Loop.cpp */; settings = {ATTRIBUTES = (); }; };
		E45E51A644D5FC9F942ECE55 /* AGL.framework in Link Binary With Libraries */ = {isa = PBXBuildFile; fileRef = 8D9815BDB5BD9F90D2BC05C5 /* AGL.framework */; };
		E5A50AE101972E0CD3BE8FAB /* Player.cpp in Compile Sources */ = {isa = PBXBuildFile; fileRef = C206874C5DA874024942C587 /* Player.cpp */; settings = {ATTRIBUTES = (); }; };
		E5B0BC04F7DFC2A2BEB16A7D /* Point2D.cpp in Compile Sources */ = {isa = PBXBuildFile; fileRef = E99EE1901659DE76DECB86D3 /* Point2D.cpp */; settings = {ATTRIBUTES = (); }; };
		E8A16A6CB828C7B612CE4CDC /* BomberConfiguration.cpp in Compile Sources */ = {isa = PBXBuildFile; fileRef = 562481D8BEE1C32B9E321510 /* BomberConfiguration.cpp */; settings = {ATTRIBUTES = (); }; };
		F38EA0FBFD6312B53AC97698 /* MovableEntity.cpp in Compile Sources */ = {isa = PBXBuildFile; fileRef = A2768C8E4647C1D5750E92FA /* MovableEntity.cpp */; settings = {ATTRIBUTES = (); }; };
		FF30C0E957E57DC86CB69C75 /* QtGui.framework in Link Binary With Libraries */ = {isa = PBXBuildFile; fileRef = 59D59BCEF12ADE09BB0E2282 /* QtGui.framework */; };
/* End PBXBuildFile section */

/* Begin PBXContainerItemProxy section */
		6048465822E1542500E62A7E /* PBXContainerItemProxy */ = {
			isa = PBXContainerItemProxy;
			containerPortal = 6DB9C3763D02B1415CD9D565 /* Project object */;
			proxyType = 1;
			remoteGlobalIDString = BD49D660498722637DB70424;
			remoteInfo = "Qt Preprocess";
		};
/* End PBXContainerItemProxy section */

/* Begin PBXCopyFilesBuildPhase section */
		99542592E9780B9225F24AA8 /* Embed Frameworks */ = {
			isa = PBXCopyFilesBuildPhase;
			buildActionMask = 2147483647;
			dstPath = "";
			dstSubfolderSpec = 10;
			files = (
			);
			name = "Embed Frameworks";
			runOnlyForDeploymentPostprocessing = 0;
		};
/* End PBXCopyFilesBuildPhase section */

/* Begin PBXFileReference section */
		0172EC03C78D7B63400F910D /* Vector2D.h */ = {isa = PBXFileReference; lastKnownFileType = sourcecode.c.h; name = Vector2D.h; path = /Users/zhangone/code/qt/Flyhigher/codes/tools/Vector2D.h; sourceTree = "<absolute>"; };
		02282BCE7D995409F4520CCE /* mainwindow.cpp */ = {isa = PBXFileReference; lastKnownFileType = sourcecode.cpp.cpp; name = mainwindow.cpp; path = /Users/zhangone/code/qt/Flyhigher/codes/ui/mainwindow.cpp; sourceTree = "<absolute>"; };
		06094C6DF3FB2BCE0DA2449E /* Judger.h */ = {isa = PBXFileReference; lastKnownFileType = sourcecode.c.h; name = Judger.h; path = /Users/zhangone/code/qt/Flyhigher/codes/main/games/Judger.h; sourceTree = "<absolute>"; };
		07357BDD349F3CCA6EFCA077 /* Loop.cpp */ = {isa = PBXFileReference; lastKnownFileType = sourcecode.cpp.cpp; name = Loop.cpp; path = /Users/zhangone/code/qt/Flyhigher/codes/main/games/Loop.cpp; sourceTree = "<absolute>"; };
		0C1B3EA733C3E00EE15ECECC /* JudgerConfiguration.h */ = {isa = PBXFileReference; lastKnownFileType = sourcecode.c.h; name = JudgerConfiguration.h; path = /Users/zhangone/code/qt/Flyhigher/codes/main/configs/JudgerConfiguration.h; sourceTree = "<absolute>"; };
		127FB17BCA62001C1FA3C5F7 /* Configuration.cpp */ = {isa = PBXFileReference; lastKnownFileType = sourcecode.cpp.cpp; name = Configuration.cpp; path = /Users/zhangone/code/qt/Flyhigher/codes/main/configs/Configuration.cpp; sourceTree = "<absolute>"; };
		1A979BC4CC7D64977079B74A /* Flyhigher.app */ = {isa = PBXFileReference; explicitFileType = wrapper.application; includeInIndex = 0; path = Flyhigher.app; sourceTree = BUILT_PRODUCTS_DIR; };
		1B8AC4E7CF48BFA08A96E74A /* StartThread.h */ = {isa = PBXFileReference; lastKnownFileType = sourcecode.c.h; name = StartThread.h; path = /Users/zhangone/code/qt/Flyhigher/codes/main/systems/StartThread.h; sourceTree = "<absolute>"; };
		20EF3BA45CA018D2118A4FC4 /* Game.h */ = {isa = PBXFileReference; lastKnownFileType = sourcecode.c.h; name = Game.h; path = /Users/zhangone/code/qt/Flyhigher/codes/main/games/Game.h; sourceTree = "<absolute>"; };
		21D1130AFDB32848EC229E03 /* Bomber.cpp */ = {isa = PBXFileReference; lastKnownFileType = sourcecode.cpp.cpp; name = Bomber.cpp; path = /Users/zhangone/code/qt/Flyhigher/codes/main/games/entitys/Bomber.cpp; sourceTree = "<absolute>"; };
		262F54577A6E174FF101E003 /* Weapon.cpp */ = {isa = PBXFileReference; lastKnownFileType = sourcecode.cpp.cpp; name = Weapon.cpp; path = /Users/zhangone/code/qt/Flyhigher/codes/main/games/conceptions/Weapon.cpp; sourceTree = "<absolute>"; };
		281A5FCE7E8C8A448FAFF1A2 /* RebuildableConfiguration.cpp */ = {isa = PBXFileReference; lastKnownFileType = sourcecode.cpp.cpp; name = RebuildableConfiguration.cpp; path = /Users/zhangone/code/qt/Flyhigher/codes/main/configs/RebuildableConfiguration.cpp; sourceTree = "<absolute>"; };
		286E9660669072B8CBD2CD3D /* MovableEntity.h */ = {isa = PBXFileReference; lastKnownFileType = sourcecode.c.h; name = MovableEntity.h; path = /Users/zhangone/code/qt/Flyhigher/codes/main/games/entitys/MovableEntity.h; sourceTree = "<absolute>"; };
		29509A94E3B8213833EAC933 /* NukeConfiguration.h */ = {isa = PBXFileReference; lastKnownFileType = sourcecode.c.h; name = NukeConfiguration.h; path = /Users/zhangone/code/qt/Flyhigher/codes/main/configs/NukeConfiguration.h; sourceTree = "<absolute>"; };
		2B774D8E4178765CE52EAAF5 /* DiskArbitration.framework */ = {isa = PBXFileReference; lastKnownFileType = wrapper.framework; name = DiskArbitration.framework; path = /System/Library/Frameworks/DiskArbitration.framework; sourceTree = "<absolute>"; };
		2E61B8AC6125108B13899FEF /* WeaponConfiguration.h */ = {isa = PBXFileReference; lastKnownFileType = sourcecode.c.h; name = WeaponConfiguration.h; path = /Users/zhangone/code/qt/Flyhigher/codes/main/configs/WeaponConfiguration.h; sourceTree = "<absolute>"; };
		2F1C8877FE4A76F767D0374F /* Loop.h */ = {isa = PBXFileReference; lastKnownFileType = sourcecode.c.h; name = Loop.h; path = /Users/zhangone/code/qt/Flyhigher/codes/main/games/Loop.h; sourceTree = "<absolute>"; };
		2F78E76D68B662E81DDC53E7 /* Weapon.h */ = {isa = PBXFileReference; lastKnownFileType = sourcecode.c.h; name = Weapon.h; path = /Users/zhangone/code/qt/Flyhigher/codes/main/games/conceptions/Weapon.h; sourceTree = "<absolute>"; };
		2F906FCB148C46208C0F2674 /* Damageable.h */ = {isa = PBXFileReference; lastKnownFileType = sourcecode.c.h; name = Damageable.h; path = /Users/zhangone/code/qt/Flyhigher/codes/main/games/interfaces/Damageable.h; sourceTree = "<absolute>"; };
		379C29AD67B4BE73D833C48D /* LittleStarConfiguration.cpp */ = {isa = PBXFileReference; lastKnownFileType = sourcecode.cpp.cpp; name = LittleStarConfiguration.cpp; path = /Users/zhangone/code/qt/Flyhigher/codes/main/configs/LittleStarConfiguration.cpp; sourceTree = "<absolute>"; };
		39E8D45E709CFB1025E98A8F /* StartThread.cpp */ = {isa = PBXFileReference; lastKnownFileType = sourcecode.cpp.cpp; name = StartThread.cpp; path = /Users/zhangone/code/qt/Flyhigher/codes/main/systems/StartThread.cpp; sourceTree = "<absolute>"; };
		3A9A699BB1C20B3D8976CD7E /* Color.h */ = {isa = PBXFileReference; lastKnownFileType = sourcecode.c.h; name = Color.h; path = /Users/zhangone/code/qt/Flyhigher/codes/tools/Color.h; sourceTree = "<absolute>"; };
		3D24BB1C5B35BA74CC6C1793 /* spacewindow.cpp */ = {isa = PBXFileReference; lastKnownFileType = sourcecode.cpp.cpp; name = spacewindow.cpp; path = /Users/zhangone/code/qt/Flyhigher/codes/ui/spacewindow.cpp; sourceTree = "<absolute>"; };
		3E458E2AA40B34711CCF6CC4 /* Entity.h */ = {isa = PBXFileReference; lastKnownFileType = sourcecode.c.h; name = Entity.h; path = /Users/zhangone/code/qt/Flyhigher/codes/main/games/entitys/Entity.h; sourceTree = "<absolute>"; };
		43A0529063467FE01CF1559F /* LargeStar.cpp */ = {isa = PBXFileReference; lastKnownFileType = sourcecode.cpp.cpp; name = LargeStar.cpp; path = /Users/zhangone/code/qt/Flyhigher/codes/main/games/entitys/LargeStar.cpp; sourceTree = "<absolute>"; };
		4BF5EF68DB1DCE84047EFCFA /* Nuke.cpp */ = {isa = PBXFileReference; lastKnownFileType = sourcecode.cpp.cpp; name = Nuke.cpp; path = /Users/zhangone/code/qt/Flyhigher/codes/main/games/conceptions/Nuke.cpp; sourceTree = "<absolute>"; };
		4FE759EEB6DDC0630DE44605 /* readonlydelegate.cpp */ = {isa = PBXFileReference; lastKnownFileType = sourcecode.cpp.cpp; name = readonlydelegate.cpp; path = /Users/zhangone/code/qt/Flyhigher/codes/ui/readonlydelegate.cpp; sourceTree = "<absolute>"; };
		562481D8BEE1C32B9E321510 /* BomberConfiguration.cpp */ = {isa = PBXFileReference; lastKnownFileType = sourcecode.cpp.cpp; name = BomberConfiguration.cpp; path = /Users/zhangone/code/qt/Flyhigher/codes/main/configs/BomberConfiguration.cpp; sourceTree = "<absolute>"; };
		574E4E881296BAE5AAB2E34A /* LargeStar.h */ = {isa = PBXFileReference; lastKnownFileType = sourcecode.c.h; name = LargeStar.h; path = /Users/zhangone/code/qt/Flyhigher/codes/main/games/entitys/LargeStar.h; sourceTree = "<absolute>"; };
		59D59BCEF12ADE09BB0E2282 /* QtGui.framework */ = {isa = PBXFileReference; lastKnownFileType = wrapper.framework; name = QtGui.framework; path = /usr/local/Cellar/qt/5.12.3/lib/QtGui.framework; sourceTree = "<absolute>"; };
		5B59C1651F53AD33DA6AAFA3 /* Fighter.cpp */ = {isa = PBXFileReference; lastKnownFileType = sourcecode.cpp.cpp; name = Fighter.cpp; path = /Users/zhangone/code/qt/Flyhigher/codes/main/games/entitys/Fighter.cpp; sourceTree = "<absolute>"; };
		5DC13D7D7F90BBF30F0DE5DD /* CarrierConfiguration.cpp */ = {isa = PBXFileReference; lastKnownFileType = sourcecode.cpp.cpp; name = CarrierConfiguration.cpp; path = /Users/zhangone/code/qt/Flyhigher/codes/main/configs/CarrierConfiguration.cpp; sourceTree = "<absolute>"; };
		5DCA93949ABF3A5C8A0EEB12 /* Color.cpp */ = {isa = PBXFileReference; lastKnownFileType = sourcecode.cpp.cpp; name = Color.cpp; path = /Users/zhangone/code/qt/Flyhigher/codes/tools/Color.cpp; sourceTree = "<absolute>"; };
		5F96188FDF20966B846A9159 /* Point2D.h */ = {isa = PBXFileReference; lastKnownFileType = sourcecode.c.h; name = Point2D.h; path = /Users/zhangone/code/qt/Flyhigher/codes/tools/Point2D.h; sourceTree = "<absolute>"; };
		634C82B8361E8632EE7DDE7A /* Game.cpp */ = {isa = PBXFileReference; lastKnownFileType = sourcecode.cpp.cpp; name = Game.cpp; path = /Users/zhangone/code/qt/Flyhigher/codes/main/games/Game.cpp; sourceTree = "<absolute>"; };
		64DD1B95C88646936FC79E7B /* ResourceEntity.cpp */ = {isa = PBXFileReference; lastKnownFileType = sourcecode.cpp.cpp; name = ResourceEntity.cpp; path = /Users/zhangone/code/qt/Flyhigher/codes/main/games/entitys/ResourceEntity.cpp; sourceTree = "<absolute>"; };
		68237EA222DA783873A2A6D3 /* Carrier.cpp */ = {isa = PBXFileReference; lastKnownFileType = sourcecode.cpp.cpp; name = Carrier.cpp; path = /Users/zhangone/code/qt/Flyhigher/codes/main/games/entitys/Carrier.cpp; sourceTree = "<absolute>"; };
		6851B017CB15783EF563D32A /* Logger.h */ = {isa = PBXFileReference; lastKnownFileType = sourcecode.c.h; name = Logger.h; path = /Users/zhangone/code/qt/Flyhigher/codes/tools/Logger.h; sourceTree = "<absolute>"; };
		69CFADD42D0AD9EF2AD0A043 /* Map.h */ = {isa = PBXFileReference; lastKnownFileType = sourcecode.c.h; name = Map.h; path = /Users/zhangone/code/qt/Flyhigher/codes/main/games/Map.h; sourceTree = "<absolute>"; };
		6AA1E541384278F382F614A2 /* NukeConfiguration.cpp */ = {isa = PBXFileReference; lastKnownFileType = sourcecode.cpp.cpp; name = NukeConfiguration.cpp; path = /Users/zhangone/code/qt/Flyhigher/codes/main/configs/NukeConfiguration.cpp; sourceTree = "<absolute>"; };
		6B09BE72436AFD351F69E3C4 /* Bullet.h */ = {isa = PBXFileReference; lastKnownFileType = sourcecode.c.h; name = Bullet.h; path = /Users/zhangone/code/qt/Flyhigher/codes/main/games/entitys/Bullet.h; sourceTree = "<absolute>"; };
		6B0BB94339AEC2E009F0A768 /* RebuildableConfiguration.h */ = {isa = PBXFileReference; lastKnownFileType = sourcecode.c.h; name = RebuildableConfiguration.h; path = /Users/zhangone/code/qt/Flyhigher/codes/main/configs/RebuildableConfiguration.h; sourceTree = "<absolute>"; };
		6C070283D2B6ACDA32EF6E72 /* ResourceEntity.h */ = {isa = PBXFileReference; lastKnownFileType = sourcecode.c.h; name = ResourceEntity.h; path = /Users/zhangone/code/qt/Flyhigher/codes/main/games/entitys/ResourceEntity.h; sourceTree = "<absolute>"; };
		6D2DA42A53FE8EA7096D85A8 /* Configuration.h */ = {isa = PBXFileReference; lastKnownFileType = sourcecode.c.h; name = Configuration.h; path = /Users/zhangone/code/qt/Flyhigher/codes/main/configs/Configuration.h; sourceTree = "<absolute>"; };
		70DE2B204C832ED0BF8CA4AD /* codes.pro */ = {isa = PBXFileReference; lastKnownFileType = text; name = codes.pro; path = /Users/zhangone/code/qt/Flyhigher/codes/codes.pro; sourceTree = "<absolute>"; };
		75D27157C72876D6729F463B /* CarrierConfiguration.h */ = {isa = PBXFileReference; lastKnownFileType = sourcecode.c.h; name = CarrierConfiguration.h; path = /Users/zhangone/code/qt/Flyhigher/codes/main/configs/CarrierConfiguration.h; sourceTree = "<absolute>"; };
		7BBEE0350CED3DC653385D57 /* MapConfiguration.cpp */ = {isa = PBXFileReference; lastKnownFileType = sourcecode.cpp.cpp; name = MapConfiguration.cpp; path = /Users/zhangone/code/qt/Flyhigher/codes/main/configs/MapConfiguration.cpp; sourceTree = "<absolute>"; };
		7C031002E0A2949D00F2C7C7 /* uiconfig.cpp */ = {isa = PBXFileReference; lastKnownFileType = sourcecode.cpp.cpp; name = uiconfig.cpp; path = /Users/zhangone/code/qt/Flyhigher/codes/ui/uiconfig.cpp; sourceTree = "<absolute>"; };
		7C5C2626B5CCC99C037B7BF8 /* Logger.cpp */ = {isa = PBXFileReference; lastKnownFileType = sourcecode.cpp.cpp; name = Logger.cpp; path = /Users/zhangone/code/qt/Flyhigher/codes/tools/Logger.cpp; sourceTree = "<absolute>"; };
		818CD018BDB2ACBC58735351 /* LoopConfiguration.h */ = {isa = PBXFileReference; lastKnownFileType = sourcecode.c.h; name = LoopConfiguration.h; path = /Users/zhangone/code/qt/Flyhigher/codes/main/configs/LoopConfiguration.h; sourceTree = "<absolute>"; };
		859D43D247C8195BB5732BC5 /* LivingEntity.cpp */ = {isa = PBXFileReference; lastKnownFileType = sourcecode.cpp.cpp; name = LivingEntity.cpp; path = /Users/zhangone/code/qt/Flyhigher/codes/main/games/entitys/LivingEntity.cpp; sourceTree = "<absolute>"; };
		862A0B8908CC595B6676A9FE /* LittleStar.h */ = {isa = PBXFileReference; lastKnownFileType = sourcecode.c.h; name = LittleStar.h; path = /Users/zhangone/code/qt/Flyhigher/codes/main/games/entitys/LittleStar.h; sourceTree = "<absolute>"; };
		8739A878A6A3672891DD19C3 /* ResourceEntityGenerator.h */ = {isa = PBXFileReference; lastKnownFileType = sourcecode.c.h; name = ResourceEntityGenerator.h; path = /Users/zhangone/code/qt/Flyhigher/codes/main/games/ResourceEntityGenerator.h; sourceTree = "<absolute>"; };
		88E40C13BCCA10F16AAF6398 /* LargeStarConfiguration.cpp */ = {isa = PBXFileReference; lastKnownFileType = sourcecode.cpp.cpp; name = LargeStarConfiguration.cpp; path = /Users/zhangone/code/qt/Flyhigher/codes/main/configs/LargeStarConfiguration.cpp; sourceTree = "<absolute>"; };
		8960183E189CA6F7484E5A1A /* BomberConfiguration.h */ = {isa = PBXFileReference; lastKnownFileType = sourcecode.c.h; name = BomberConfiguration.h; path = /Users/zhangone/code/qt/Flyhigher/codes/main/configs/BomberConfiguration.h; sourceTree = "<absolute>"; };
		8C199EA062F691D3A68C20C1 /* QtCore.framework */ = {isa = PBXFileReference; lastKnownFileType = wrapper.framework; name = QtCore.framework; path = /usr/local/Cellar/qt/5.12.3/lib/QtCore.framework; sourceTree = "<absolute>"; };
		8D9815BDB5BD9F90D2BC05C5 /* AGL.framework */ = {isa = PBXFileReference; lastKnownFileType = wrapper.framework; name = AGL.framework; path = /System/Library/Frameworks/AGL.framework; sourceTree = "<absolute>"; };
		8F2A10E3551BF86B58FA6D4E /* LivingEntity.h */ = {isa = PBXFileReference; lastKnownFileType = sourcecode.c.h; name = LivingEntity.h; path = /Users/zhangone/code/qt/Flyhigher/codes/main/games/entitys/LivingEntity.h; sourceTree = "<absolute>"; };
		91FF8D68E8C1857857CFCCE1 /* Fighter.h */ = {isa = PBXFileReference; lastKnownFileType = sourcecode.c.h; name = Fighter.h; path = /Users/zhangone/code/qt/Flyhigher/codes/main/games/entitys/Fighter.h; sourceTree = "<absolute>"; };
		933A03CC2A47581F491A1BAE /* uitest.ui */ = {isa = PBXFileReference; lastKnownFileType = text.xml; name = uitest.ui; path = /Users/zhangone/code/qt/Flyhigher/codes/ui/uitest.ui; sourceTree = "<absolute>"; };
		9462BCC07979FC30E5B6332A /* uitest.h */ = {isa = PBXFileReference; lastKnownFileType = sourcecode.c.h; name = uitest.h; path = /Users/zhangone/code/qt/Flyhigher/codes/ui/uitest.h; sourceTree = "<absolute>"; };
		94C95751A571C95A0A11758D /* QtWidgets.framework */ = {isa = PBXFileReference; lastKnownFileType = wrapper.framework; name = QtWidgets.framework; path = /usr/local/Cellar/qt/5.12.3/lib/QtWidgets.framework; sourceTree = "<absolute>"; };
		952881CCFE7CAE4837C0E37D /* Entity.cpp */ = {isa = PBXFileReference; lastKnownFileType = sourcecode.cpp.cpp; name = Entity.cpp; path = /Users/zhangone/code/qt/Flyhigher/codes/main/games/entitys/Entity.cpp; sourceTree = "<absolute>"; };
		955E9B04EDB930341E0555E0 /* WeaponConfiguration.cpp */ = {isa = PBXFileReference; lastKnownFileType = sourcecode.cpp.cpp; name = WeaponConfiguration.cpp; path = /Users/zhangone/code/qt/Flyhigher/codes/main/configs/WeaponConfiguration.cpp; sourceTree = "<absolute>"; };
		95F37796FF5D30FE94B30CB7 /* FlyObject.hpp */ = {isa = PBXFileReference; lastKnownFileType = sourcecode.c.h; name = FlyObject.hpp; path = /Users/zhangone/code/qt/Flyhigher/codes/ui/FlyObject.hpp; sourceTree = "<absolute>"; };
		963EDE3D314860B87A06E0DF /* mainwindow.h */ = {isa = PBXFileReference; lastKnownFileType = sourcecode.c.h; name = mainwindow.h; path = /Users/zhangone/code/qt/Flyhigher/codes/ui/mainwindow.h; sourceTree = "<absolute>"; };
		9776A25D5ED7A9C632EF9D6F /* Nuke.h */ = {isa = PBXFileReference; lastKnownFileType = sourcecode.c.h; name = Nuke.h; path = /Users/zhangone/code/qt/Flyhigher/codes/main/games/conceptions/Nuke.h; sourceTree = "<absolute>"; };
		981227CE9901FA783129C6A5 /* JudgerConfiguration.cpp */ = {isa = PBXFileReference; lastKnownFileType = sourcecode.cpp.cpp; name = JudgerConfiguration.cpp; path = /Users/zhangone/code/qt/Flyhigher/codes/main/configs/JudgerConfiguration.cpp; sourceTree = "<absolute>"; };
		9AD9EF295E78AC7A1A11DBEB /* MapConfiguration.h */ = {isa = PBXFileReference; lastKnownFileType = sourcecode.c.h; name = MapConfiguration.h; path = /Users/zhangone/code/qt/Flyhigher/codes/main/configs/MapConfiguration.h; sourceTree = "<absolute>"; };
		9C59E97BE51C81430EA78079 /* main.cpp */ = {isa = PBXFileReference; lastKnownFileType = sourcecode.cpp.cpp; name = main.cpp; path = /Users/zhangone/code/qt/Flyhigher/codes/main.cpp; sourceTree = "<absolute>"; };
		A1A67BEAA744704B29168D39 /* IOKit.framework */ = {isa = PBXFileReference; lastKnownFileType = wrapper.framework; name = IOKit.framework; path = /System/Library/Frameworks/IOKit.framework; sourceTree = "<absolute>"; };
		A2768C8E4647C1D5750E92FA /* MovableEntity.cpp */ = {isa = PBXFileReference; lastKnownFileType = sourcecode.cpp.cpp; name = MovableEntity.cpp; path = /Users/zhangone/code/qt/Flyhigher/codes/main/games/entitys/MovableEntity.cpp; sourceTree = "<absolute>"; };
		A88FDEFA6E30BCA7A8BB0DBC /* Engine.cpp */ = {isa = PBXFileReference; lastKnownFileType = sourcecode.cpp.cpp; name = Engine.cpp; path = /Users/zhangone/code/qt/Flyhigher/codes/main/systems/Engine.cpp; sourceTree = "<absolute>"; };
		AB0414F8AD7D563DF3CEF8CA /* Map.cpp */ = {isa = PBXFileReference; lastKnownFileType = sourcecode.cpp.cpp; name = Map.cpp; path = /Users/zhangone/code/qt/Flyhigher/codes/main/games/Map.cpp; sourceTree = "<absolute>"; };
		AD3285E8FA3743285FE3D2CC /* Judger.cpp */ = {isa = PBXFileReference; lastKnownFileType = sourcecode.cpp.cpp; name = Judger.cpp; path = /Users/zhangone/code/qt/Flyhigher/codes/main/games/Judger.cpp; sourceTree = "<absolute>"; };
		AEB3055E1787C44393579EE0 /* Carrier.h */ = {isa = PBXFileReference; lastKnownFileType = sourcecode.c.h; name = Carrier.h; path = /Users/zhangone/code/qt/Flyhigher/codes/main/games/entitys/Carrier.h; sourceTree = "<absolute>"; };
		AFA3B325FFF89A1836D7FAD3 /* PlayerConfiguration.h */ = {isa = PBXFileReference; lastKnownFileType = sourcecode.c.h; name = PlayerConfiguration.h; path = /Users/zhangone/code/qt/Flyhigher/codes/main/configs/PlayerConfiguration.h; sourceTree = "<absolute>"; };
		B78CB4DF2DADEFEE0B5A3C4E /* ResourceEntityGenerator.cpp */ = {isa = PBXFileReference; lastKnownFileType = sourcecode.cpp.cpp; name = ResourceEntityGenerator.cpp; path = /Users/zhangone/code/qt/Flyhigher/codes/main/games/ResourceEntityGenerator.cpp; sourceTree = "<absolute>"; };
		BB3F6F04E65971977DC3FC53 /* GameConfiguration.cpp */ = {isa = PBXFileReference; lastKnownFileType = sourcecode.cpp.cpp; name = GameConfiguration.cpp; path = /Users/zhangone/code/qt/Flyhigher/codes/main/configs/GameConfiguration.cpp; sourceTree = "<absolute>"; };
		BFFFB7370EBC7949BD8198FF /* uitest.cpp */ = {isa = PBXFileReference; lastKnownFileType = sourcecode.cpp.cpp; name = uitest.cpp; path = /Users/zhangone/code/qt/Flyhigher/codes/ui/uitest.cpp; sourceTree = "<absolute>"; };
		C1474FD3A405C93E48FC26A2 /* .qmake.stash */ = {isa = PBXFileReference; lastKnownFileType = text; name = .qmake.stash; path = /Users/zhangone/code/qt/.qmake.stash; sourceTree = "<absolute>"; };
		C1820D50451C1AB161A8D5FC /* LittleStar.cpp */ = {isa = PBXFileReference; lastKnownFileType = sourcecode.cpp.cpp; name = LittleStar.cpp; path = /Users/zhangone/code/qt/Flyhigher/codes/main/games/entitys/LittleStar.cpp; sourceTree = "<absolute>"; };
		C206874C5DA874024942C587 /* Player.cpp */ = {isa = PBXFileReference; lastKnownFileType = sourcecode.cpp.cpp; name = Player.cpp; path = /Users/zhangone/code/qt/Flyhigher/codes/main/games/Player.cpp; sourceTree = "<absolute>"; };
		C32BF333CF73FD8DEAC7947B /* Bullet.cpp */ = {isa = PBXFileReference; lastKnownFileType = sourcecode.cpp.cpp; name = Bullet.cpp; path = /Users/zhangone/code/qt/Flyhigher/codes/main/games/entitys/Bullet.cpp; sourceTree = "<absolute>"; };
		C4DA9052F47E9F6510E082AE /* Player.h */ = {isa = PBXFileReference; lastKnownFileType = sourcecode.c.h; name = Player.h; path = /Users/zhangone/code/qt/Flyhigher/codes/main/games/Player.h; sourceTree = "<absolute>"; };
		C904EB3C86B1F943ED4E1008 /* PlaneConfiguration.cpp */ = {isa = PBXFileReference; lastKnownFileType = sourcecode.cpp.cpp; name = PlaneConfiguration.cpp; path = /Users/zhangone/code/qt/Flyhigher/codes/main/configs/PlaneConfiguration.cpp; sourceTree = "<absolute>"; };
		D404BEEB845C728183ADED83 /* Collector.h */ = {isa = PBXFileReference; lastKnownFileType = sourcecode.c.h; name = Collector.h; path = /Users/zhangone/code/qt/Flyhigher/codes/main/games/interfaces/Collector.h; sourceTree = "<absolute>"; };
		D4B32C2222F82AC56BADEB21 /* OpenGL.framework */ = {isa = PBXFileReference; lastKnownFileType = wrapper.framework; name = OpenGL.framework; path = /System/Library/Frameworks/OpenGL.framework; sourceTree = "<absolute>"; };
		D6D373C3A055DE06F48327B7 /* uiconfig.ui */ = {isa = PBXFileReference; lastKnownFileType = text.xml; name = uiconfig.ui; path = /Users/zhangone/code/qt/Flyhigher/codes/ui/uiconfig.ui; sourceTree = "<absolute>"; };
		D76FB1F55D8EE3DF83806553 /* LargeStarConfiguration.h */ = {isa = PBXFileReference; lastKnownFileType = sourcecode.c.h; name = LargeStarConfiguration.h; path = /Users/zhangone/code/qt/Flyhigher/codes/main/configs/LargeStarConfiguration.h; sourceTree = "<absolute>"; };
		D86CE9EBC42634F911ABE084 /* FlyObject.cpp */ = {isa = PBXFileReference; lastKnownFileType = sourcecode.cpp.cpp; name = FlyObject.cpp; path = /Users/zhangone/code/qt/Flyhigher/codes/ui/FlyObject.cpp; sourceTree = "<absolute>"; };
		D9DE86328CF2D965279E20CC /* readonlydelegate.h */ = {isa = PBXFileReference; lastKnownFileType = sourcecode.c.h; name = readonlydelegate.h; path = /Users/zhangone/code/qt/Flyhigher/codes/ui/readonlydelegate.h; sourceTree = "<absolute>"; };
		D9DEB88A251C9825C7574B91 /* Bomber.h */ = {isa = PBXFileReference; lastKnownFileType = sourcecode.c.h; name = Bomber.h; path = /Users/zhangone/code/qt/Flyhigher/codes/main/games/entitys/Bomber.h; sourceTree = "<absolute>"; };
		DC7F98F32E94CB720807EE20 /* FighterConfiguration.h */ = {isa = PBXFileReference; lastKnownFileType = sourcecode.c.h; name = FighterConfiguration.h; path = /Users/zhangone/code/qt/Flyhigher/codes/main/configs/FighterConfiguration.h; sourceTree = "<absolute>"; };
		DDA9A853B02C68B090D5CCF2 /* Icon.icns */ = {isa = PBXFileReference; lastKnownFileType = image.icns; name = Icon.icns; path = /Users/zhangone/code/qt/Flyhigher/codes/Icon.icns; sourceTree = "<absolute>"; };
		DE2F4A95FCA4C5B3EBBA792A /* Vector2D.cpp */ = {isa = PBXFileReference; lastKnownFileType = sourcecode.cpp.cpp; name = Vector2D.cpp; path = /Users/zhangone/code/qt/Flyhigher/codes/tools/Vector2D.cpp; sourceTree = "<absolute>"; };
		DEE496ABDFFD92B7583D1FA9 /* spacewindow.h */ = {isa = PBXFileReference; lastKnownFileType = sourcecode.c.h; name = spacewindow.h; path = /Users/zhangone/code/qt/Flyhigher/codes/ui/spacewindow.h; sourceTree = "<absolute>"; };
		E0B09711CC8819DDF781FCBB /* Engine.h */ = {isa = PBXFileReference; lastKnownFileType = sourcecode.c.h; name = Engine.h; path = /Users/zhangone/code/qt/Flyhigher/codes/main/systems/Engine.h; sourceTree = "<absolute>"; };
		E2E8F5A1B5E2EDD2749F8707 /* uiconfig.h */ = {isa = PBXFileReference; lastKnownFileType = sourcecode.c.h; name = uiconfig.h; path = /Users/zhangone/code/qt/Flyhigher/codes/ui/uiconfig.h; sourceTree = "<absolute>"; };
		E3FF5D0BA2CFECD9B9978E08 /* libyaml-cpp.a */ = {isa = PBXFileReference; lastKnownFileType = archive.ar; name = "libyaml-cpp.a"; path = "/usr/local/lib/libyaml-cpp.a"; sourceTree = "<absolute>"; };
		E99EE1901659DE76DECB86D3 /* Point2D.cpp */ = {isa = PBXFileReference; lastKnownFileType = sourcecode.cpp.cpp; name = Point2D.cpp; path = /Users/zhangone/code/qt/Flyhigher/codes/tools/Point2D.cpp; sourceTree = "<absolute>"; };
		ED5C83DBB81F3A9D16C141C6 /* GameConfiguration.h */ = {isa = PBXFileReference; lastKnownFileType = sourcecode.c.h; name = GameConfiguration.h; path = /Users/zhangone/code/qt/Flyhigher/codes/main/configs/GameConfiguration.h; sourceTree = "<absolute>"; };
		F160CF471820C241F824F887 /* PlayerConfiguration.cpp */ = {isa = PBXFileReference; lastKnownFileType = sourcecode.cpp.cpp; name = PlayerConfiguration.cpp; path = /Users/zhangone/code/qt/Flyhigher/codes/main/configs/PlayerConfiguration.cpp; sourceTree = "<absolute>"; };
		F8462086D4CEC683710F3AD7 /* FighterConfiguration.cpp */ = {isa = PBXFileReference; lastKnownFileType = sourcecode.cpp.cpp; name = FighterConfiguration.cpp; path = /Users/zhangone/code/qt/Flyhigher/codes/main/configs/FighterConfiguration.cpp; sourceTree = "<absolute>"; };
		F99A9E625CCDCB6C5AB12F48 /* dummy.cpp */ = {isa = PBXFileReference; lastKnownFileType = sourcecode.cpp.cpp; name = dummy.cpp; path = /usr/local/Cellar/qt/5.12.3/mkspecs/features/data/dummy.cpp; sourceTree = "<absolute>"; };
		FD2BC6BCEA6430D82254D778 /* LoopConfiguration.cpp */ = {isa = PBXFileReference; lastKnownFileType = sourcecode.cpp.cpp; name = LoopConfiguration.cpp; path = /Users/zhangone/code/qt/Flyhigher/codes/main/configs/LoopConfiguration.cpp; sourceTree = "<absolute>"; };
		FD5E5EEA3D66F8E94C4EB4F5 /* PlaneConfiguration.h */ = {isa = PBXFileReference; lastKnownFileType = sourcecode.c.h; name = PlaneConfiguration.h; path = /Users/zhangone/code/qt/Flyhigher/codes/main/configs/PlaneConfiguration.h; sourceTree = "<absolute>"; };
		FF8809258B6D22E32B79C4FE /* LittleStarConfiguration.h */ = {isa = PBXFileReference; lastKnownFileType = sourcecode.c.h; name = LittleStarConfiguration.h; path = /Users/zhangone/code/qt/Flyhigher/codes/main/configs/LittleStarConfiguration.h; sourceTree = "<absolute>"; };
/* End PBXFileReference section */

/* Begin PBXFrameworksBuildPhase section */
		D1C883685E82D5676953459A /* Link Binary With Libraries */ = {
			isa = PBXFrameworksBuildPhase;
			buildActionMask = 2147483647;
			files = (
				91268DF602514CCC9E613CA3 /* libyaml-cpp.a in Link Binary With Libraries */,
				8307F5E50953E4A92F29EFBC /* QtWidgets.framework in Link Binary With Libraries */,
				FF30C0E957E57DC86CB69C75 /* QtGui.framework in Link Binary With Libraries */,
				2D59C7F48D5F17D5BD87ED7D /* QtCore.framework in Link Binary With Libraries */,
				A99B2AA0F9CBBDD12BA126A4 /* DiskArbitration.framework in Link Binary With Libraries */,
				8D267F2E4776F0ECA2F49DC8 /* IOKit.framework in Link Binary With Libraries */,
				8771A8C96E9C391044035D99 /* OpenGL.framework in Link Binary With Libraries */,
				E45E51A644D5FC9F942ECE55 /* AGL.framework in Link Binary With Libraries */,
			);
			name = "Link Binary With Libraries";
			runOnlyForDeploymentPostprocessing = 0;
		};
/* End PBXFrameworksBuildPhase section */

/* Begin PBXGroup section */
		12E908B8A1C3C07C115504F5 /* Sources [uic] */ = {
			isa = PBXGroup;
			children = (
				F027E420C02C9CC7A06A0901 /* ui */,
			);
			name = "Sources [uic]";
			sourceTree = "<group>";
		};
		2EB56BE3C2D93CDAB0C52E67 /* Sources */ = {
			isa = PBXGroup;
			children = (
				B05903A16043BD438D86619D /* tools */,
				585C8033A0C93CD1E165E8CE /* main */,
				34FBBF35D049CB9403C9ECF0 /* ui */,
				9C59E97BE51C81430EA78079 /* main.cpp */,
				DDA9A853B02C68B090D5CCF2 /* Icon.icns */,
			);
			name = Sources;
			sourceTree = "<group>";
		};
		34FBBF35D049CB9403C9ECF0 /* ui */ = {
			isa = PBXGroup;
			children = (
				BFFFB7370EBC7949BD8198FF /* uitest.cpp */,
				4FE759EEB6DDC0630DE44605 /* readonlydelegate.cpp */,
				7C031002E0A2949D00F2C7C7 /* uiconfig.cpp */,
				02282BCE7D995409F4520CCE /* mainwindow.cpp */,
				3D24BB1C5B35BA74CC6C1793 /* spacewindow.cpp */,
				DEE496ABDFFD92B7583D1FA9 /* spacewindow.h */,
				D86CE9EBC42634F911ABE084 /* FlyObject.cpp */,
				95F37796FF5D30FE94B30CB7 /* FlyObject.hpp */,
				9462BCC07979FC30E5B6332A /* uitest.h */,
				D9DE86328CF2D965279E20CC /* readonlydelegate.h */,
				E2E8F5A1B5E2EDD2749F8707 /* uiconfig.h */,
				963EDE3D314860B87A06E0DF /* mainwindow.h */,
			);
			name = ui;
			sourceTree = "<group>";
		};
		4D5FD6FC7B5B32B3708D7478 /* games */ = {
			isa = PBXGroup;
			children = (
				B78CB4DF2DADEFEE0B5A3C4E /* ResourceEntityGenerator.cpp */,
				C206874C5DA874024942C587 /* Player.cpp */,
				634C82B8361E8632EE7DDE7A /* Game.cpp */,
				AD3285E8FA3743285FE3D2CC /* Judger.cpp */,
				07357BDD349F3CCA6EFCA077 /* Loop.cpp */,
				AB0414F8AD7D563DF3CEF8CA /* Map.cpp */,
				A1168864B8FAEC97620EF2A6 /* conceptions */,
				6CB10E7658D2709B614A3958 /* entitys */,
				8739A878A6A3672891DD19C3 /* ResourceEntityGenerator.h */,
				C4DA9052F47E9F6510E082AE /* Player.h */,
				20EF3BA45CA018D2118A4FC4 /* Game.h */,
				06094C6DF3FB2BCE0DA2449E /* Judger.h */,
				2F1C8877FE4A76F767D0374F /* Loop.h */,
				69CFADD42D0AD9EF2AD0A043 /* Map.h */,
				56C86B099A67866E0172196C /* interfaces */,
			);
			name = games;
			sourceTree = "<group>";
		};
		56C86B099A67866E0172196C /* interfaces */ = {
			isa = PBXGroup;
			children = (
				D404BEEB845C728183ADED83 /* Collector.h */,
				2F906FCB148C46208C0F2674 /* Damageable.h */,
			);
			name = interfaces;
			sourceTree = "<group>";
		};
		585C8033A0C93CD1E165E8CE /* main */ = {
			isa = PBXGroup;
			children = (
				4D5FD6FC7B5B32B3708D7478 /* games */,
				8821DC8745A26F8B65AF25F6 /* systems */,
				6BDBDAB5BF3A7F384D3D71FC /* configs */,
			);
			name = main;
			sourceTree = "<group>";
		};
		6BDBDAB5BF3A7F384D3D71FC /* configs */ = {
			isa = PBXGroup;
			children = (
				127FB17BCA62001C1FA3C5F7 /* Configuration.cpp */,
				562481D8BEE1C32B9E321510 /* BomberConfiguration.cpp */,
				5DC13D7D7F90BBF30F0DE5DD /* CarrierConfiguration.cpp */,
				F8462086D4CEC683710F3AD7 /* FighterConfiguration.cpp */,
				F160CF471820C241F824F887 /* PlayerConfiguration.cpp */,
				BB3F6F04E65971977DC3FC53 /* GameConfiguration.cpp */,
				981227CE9901FA783129C6A5 /* JudgerConfiguration.cpp */,
				FD2BC6BCEA6430D82254D778 /* LoopConfiguration.cpp */,
				7BBEE0350CED3DC653385D57 /* MapConfiguration.cpp */,
				6AA1E541384278F382F614A2 /* NukeConfiguration.cpp */,
				C904EB3C86B1F943ED4E1008 /* PlaneConfiguration.cpp */,
				955E9B04EDB930341E0555E0 /* WeaponConfiguration.cpp */,
				379C29AD67B4BE73D833C48D /* LittleStarConfiguration.cpp */,
				281A5FCE7E8C8A448FAFF1A2 /* RebuildableConfiguration.cpp */,
				88E40C13BCCA10F16AAF6398 /* LargeStarConfiguration.cpp */,
				6D2DA42A53FE8EA7096D85A8 /* Configuration.h */,
				8960183E189CA6F7484E5A1A /* BomberConfiguration.h */,
				75D27157C72876D6729F463B /* CarrierConfiguration.h */,
				DC7F98F32E94CB720807EE20 /* FighterConfiguration.h */,
				AFA3B325FFF89A1836D7FAD3 /* PlayerConfiguration.h */,
				ED5C83DBB81F3A9D16C141C6 /* GameConfiguration.h */,
				0C1B3EA733C3E00EE15ECECC /* JudgerConfiguration.h */,
				818CD018BDB2ACBC58735351 /* LoopConfiguration.h */,
				9AD9EF295E78AC7A1A11DBEB /* MapConfiguration.h */,
				29509A94E3B8213833EAC933 /* NukeConfiguration.h */,
				FD5E5EEA3D66F8E94C4EB4F5 /* PlaneConfiguration.h */,
				2E61B8AC6125108B13899FEF /* WeaponConfiguration.h */,
				FF8809258B6D22E32B79C4FE /* LittleStarConfiguration.h */,
				6B0BB94339AEC2E009F0A768 /* RebuildableConfiguration.h */,
				D76FB1F55D8EE3DF83806553 /* LargeStarConfiguration.h */,
			);
			name = configs;
			sourceTree = "<group>";
		};
		6CB10E7658D2709B614A3958 /* entitys */ = {
			isa = PBXGroup;
			children = (
				21D1130AFDB32848EC229E03 /* Bomber.cpp */,
				C32BF333CF73FD8DEAC7947B /* Bullet.cpp */,
				68237EA222DA783873A2A6D3 /* Carrier.cpp */,
				952881CCFE7CAE4837C0E37D /* Entity.cpp */,
				5B59C1651F53AD33DA6AAFA3 /* Fighter.cpp */,
				43A0529063467FE01CF1559F /* LargeStar.cpp */,
				C1820D50451C1AB161A8D5FC /* LittleStar.cpp */,
				859D43D247C8195BB5732BC5 /* LivingEntity.cpp */,
				A2768C8E4647C1D5750E92FA /* MovableEntity.cpp */,
				64DD1B95C88646936FC79E7B /* ResourceEntity.cpp */,
				D9DEB88A251C9825C7574B91 /* Bomber.h */,
				6B09BE72436AFD351F69E3C4 /* Bullet.h */,
				AEB3055E1787C44393579EE0 /* Carrier.h */,
				3E458E2AA40B34711CCF6CC4 /* Entity.h */,
				91FF8D68E8C1857857CFCCE1 /* Fighter.h */,
				574E4E881296BAE5AAB2E34A /* LargeStar.h */,
				862A0B8908CC595B6676A9FE /* LittleStar.h */,
				8F2A10E3551BF86B58FA6D4E /* LivingEntity.h */,
				286E9660669072B8CBD2CD3D /* MovableEntity.h */,
				6C070283D2B6ACDA32EF6E72 /* ResourceEntity.h */,
			);
			name = entitys;
			sourceTree = "<group>";
		};
		74B182DB50CB5611B5C1C297 /* Supporting Files */ = {
			isa = PBXGroup;
			children = (
				70DE2B204C832ED0BF8CA4AD /* codes.pro */,
				C1474FD3A405C93E48FC26A2 /* .qmake.stash */,
			);
			name = "Supporting Files";
			sourceTree = "<group>";
		};
		8821DC8745A26F8B65AF25F6 /* systems */ = {
			isa = PBXGroup;
			children = (
				39E8D45E709CFB1025E98A8F /* StartThread.cpp */,
				A88FDEFA6E30BCA7A8BB0DBC /* Engine.cpp */,
				1B8AC4E7CF48BFA08A96E74A /* StartThread.h */,
				E0B09711CC8819DDF781FCBB /* Engine.h */,
			);
			name = systems;
			sourceTree = "<group>";
		};
		A1168864B8FAEC97620EF2A6 /* conceptions */ = {
			isa = PBXGroup;
			children = (
				4BF5EF68DB1DCE84047EFCFA /* Nuke.cpp */,
				262F54577A6E174FF101E003 /* Weapon.cpp */,
				9776A25D5ED7A9C632EF9D6F /* Nuke.h */,
				2F78E76D68B662E81DDC53E7 /* Weapon.h */,
			);
			name = conceptions;
			sourceTree = "<group>";
		};
		AF39DD055C3EF8226FBE929D /* Frameworks */ = {
			isa = PBXGroup;
			children = (
				E3FF5D0BA2CFECD9B9978E08 /* libyaml-cpp.a */,
				94C95751A571C95A0A11758D /* QtWidgets.framework */,
				59D59BCEF12ADE09BB0E2282 /* QtGui.framework */,
				8C199EA062F691D3A68C20C1 /* QtCore.framework */,
				2B774D8E4178765CE52EAAF5 /* DiskArbitration.framework */,
				A1A67BEAA744704B29168D39 /* IOKit.framework */,
				D4B32C2222F82AC56BADEB21 /* OpenGL.framework */,
				8D9815BDB5BD9F90D2BC05C5 /* AGL.framework */,
			);
			name = Frameworks;
			sourceTree = "<group>";
		};
		B05903A16043BD438D86619D /* tools */ = {
			isa = PBXGroup;
			children = (
				DE2F4A95FCA4C5B3EBBA792A /* Vector2D.cpp */,
				5DCA93949ABF3A5C8A0EEB12 /* Color.cpp */,
				E99EE1901659DE76DECB86D3 /* Point2D.cpp */,
				7C5C2626B5CCC99C037B7BF8 /* Logger.cpp */,
				0172EC03C78D7B63400F910D /* Vector2D.h */,
				3A9A699BB1C20B3D8976CD7E /* Color.h */,
				5F96188FDF20966B846A9159 /* Point2D.h */,
				6851B017CB15783EF563D32A /* Logger.h */,
			);
			name = tools;
			sourceTree = "<group>";
		};
		B8254625CFD509ED2A24A166 /* Sources [moc_predefs] */ = {
			isa = PBXGroup;
			children = (
				F99A9E625CCDCB6C5AB12F48 /* dummy.cpp */,
			);
			name = "Sources [moc_predefs]";
			sourceTree = "<group>";
		};
		E8C543AB96796ECAA2E65C57 /* Flyhigher */ = {
			isa = PBXGroup;
			children = (
				2EB56BE3C2D93CDAB0C52E67 /* Sources */,
				B8254625CFD509ED2A24A166 /* Sources [moc_predefs] */,
				12E908B8A1C3C07C115504F5 /* Sources [uic] */,
				74B182DB50CB5611B5C1C297 /* Supporting Files */,
				AF39DD055C3EF8226FBE929D /* Frameworks */,
				FE0A091FDBFB3E9C31B7A1BD /* Products */,
			);
			name = Flyhigher;
			sourceTree = "<group>";
		};
		F027E420C02C9CC7A06A0901 /* ui */ = {
			isa = PBXGroup;
			children = (
				D6D373C3A055DE06F48327B7 /* uiconfig.ui */,
				933A03CC2A47581F491A1BAE /* uitest.ui */,
			);
			name = ui;
			sourceTree = "<group>";
		};
		FE0A091FDBFB3E9C31B7A1BD /* Products */ = {
			isa = PBXGroup;
			children = (
				1A979BC4CC7D64977079B74A /* Flyhigher.app */,
			);
			name = Products;
			sourceTree = "<group>";
		};
/* End PBXGroup section */

/* Begin PBXNativeTarget section */
		C8465AF986DD9F56F43757CD /* Flyhigher */ = {
			isa = PBXNativeTarget;
			buildConfigurationList = 6CC3B5D2136C7CD6A5CF5A59 /* Build configuration list for PBXNativeTarget "Flyhigher" */;
			buildPhases = (
				F7E50F631C51CD5B5DC0BC43 /* Compile Sources */,
				D1C883685E82D5676953459A /* Link Binary With Libraries */,
				30414803F31797EB689AE508 /* Copy Bundle Resources */,
				99542592E9780B9225F24AA8 /* Embed Frameworks */,
			);
			buildRules = (
			);
			dependencies = (
				B9952650364F6960B61BA080 /* PBXTargetDependency */,
			);
			name = Flyhigher;
			productName = Flyhigher;
			productReference = 1A979BC4CC7D64977079B74A /* Flyhigher.app */;
			productType = "com.apple.product-type.application";
		};
/* End PBXNativeTarget section */

/* Begin PBXProject section */
		6DB9C3763D02B1415CD9D565 /* Project object */ = {
			isa = PBXProject;
			attributes = {
				TargetAttributes = {
					BD49D660498722637DB70424 = {
						DevelopmentTeam = NAU5N45V9X;
					};
					C8465AF986DD9F56F43757CD = {
						DevelopmentTeam = NAU5N45V9X;
					};
				};
			};
			buildConfigurationList = DAC4C1AA5EDEA1C85E9CA5E6 /* Build configuration list for PBXProject "Flyhigher" */;
			compatibilityVersion = "Xcode 3.2";
			developmentRegion = en;
			hasScannedForEncodings = 1;
			knownRegions = (
				en,
			);
			mainGroup = E8C543AB96796ECAA2E65C57 /* Flyhigher */;
			productRefGroup = FE0A091FDBFB3E9C31B7A1BD /* Products */;
			projectDirPath = "";
			projectRoot = "";
			targets = (
				C8465AF986DD9F56F43757CD /* Flyhigher */,
				BD49D660498722637DB70424 /* Qt Preprocess */,
			);
		};
/* End PBXProject section */

/* Begin PBXResourcesBuildPhase section */
		30414803F31797EB689AE508 /* Copy Bundle Resources */ = {
			isa = PBXResourcesBuildPhase;
			buildActionMask = 2147483647;
			files = (
			);
			name = "Copy Bundle Resources";
			runOnlyForDeploymentPostprocessing = 0;
		};
/* End PBXResourcesBuildPhase section */

/* Begin PBXShellScriptBuildPhase section */
		5E618435888B9D49F8540165 /* Qt Qmake */ = {
			isa = PBXShellScriptBuildPhase;
			buildActionMask = 2147483647;
			files = (
			);
			name = "Qt Qmake";
			runOnlyForDeploymentPostprocessing = 0;
			shellPath = /bin/sh;
			shellScript = "make -C /Users/zhangone/code/qt/Flyhigher/codes -f Flyhigher.xcodeproj/qt_makeqmake.mak";
			showEnvVarsInLog = 0;
		};
		7EF0942E79C014DCEC8976BC /* Qt Preprocessors */ = {
			isa = PBXShellScriptBuildPhase;
			buildActionMask = 2147483647;
			files = (
			);
			name = "Qt Preprocessors";
			runOnlyForDeploymentPostprocessing = 0;
			shellPath = /bin/sh;
			shellScript = "make -C /Users/zhangone/code/qt/Flyhigher/codes -f Flyhigher.xcodeproj/qt_preprocess.mak";
			showEnvVarsInLog = 0;
		};
/* End PBXShellScriptBuildPhase section */

/* Begin PBXSourcesBuildPhase section */
		F7E50F631C51CD5B5DC0BC43 /* Compile Sources */ = {
			isa = PBXSourcesBuildPhase;
			buildActionMask = 2147483647;
			files = (
				89B5E3D32B01AE73B353BCBD /* Vector2D.cpp in Compile Sources */,
				33272F1DCDD60E7EFE770829 /* ResourceEntityGenerator.cpp in Compile Sources */,
				C8758EBBADA04A57ADE3D46D /* StartThread.cpp in Compile Sources */,
				13D9CF8844E0C8BD7C5C514D /* Color.cpp in Compile Sources */,
				E5B0BC04F7DFC2A2BEB16A7D /* Point2D.cpp in Compile Sources */,
				490C2C2B4D25CCDEEC5F278E /* Logger.cpp in Compile Sources */,
				E136E089E3698963FCAD219B /* uitest.cpp in Compile Sources */,
				510E5E85022A3F32251F121B /* readonlydelegate.cpp in Compile Sources */,
				61A5F764BE73C4DB283745D6 /* uiconfig.cpp in Compile Sources */,
				222B2EFBDFC100AAB9CF2C4C /* mainwindow.cpp in Compile Sources */,
				4DD2F3408CB1E15B67DFC7C2 /* spacewindow.cpp in Compile Sources */,
				D8811BFF3517679B048A1DAE /* FlyObject.cpp in Compile Sources */,
				90C89E2DC4E18062FD305F22 /* Configuration.cpp in Compile Sources */,
				E8A16A6CB828C7B612CE4CDC /* BomberConfiguration.cpp in Compile Sources */,
				A799600CFBCFB34BE0AF8598 /* CarrierConfiguration.cpp in Compile Sources */,
				C89571BCFBA2C6D924755A41 /* FighterConfiguration.cpp in Compile Sources */,
				4D376CBE71A21EB4352412DC /* PlayerConfiguration.cpp in Compile Sources */,
				9AC93BCCD4B60293CC2498AB /* GameConfiguration.cpp in Compile Sources */,
				74F7306309AFB8662CFDFFE8 /* JudgerConfiguration.cpp in Compile Sources */,
				71F9A683D15E63B45778C875 /* LoopConfiguration.cpp in Compile Sources */,
				8300E15C6D5DB77138597BA1 /* MapConfiguration.cpp in Compile Sources */,
				53277FB7B14889699BA9FA5C /* NukeConfiguration.cpp in Compile Sources */,
				2DF52C70A12A1661D7704FD1 /* PlaneConfiguration.cpp in Compile Sources */,
				14DFB3146B3F6055D2238AA4 /* WeaponConfiguration.cpp in Compile Sources */,
				540954AD439C997270F907A5 /* LittleStarConfiguration.cpp in Compile Sources */,
				9D547556B8ED48CC15F1C11B /* RebuildableConfiguration.cpp in Compile Sources */,
				1B2BEB00E78A04479D00ECF3 /* LargeStarConfiguration.cpp in Compile Sources */,
				E5A50AE101972E0CD3BE8FAB /* Player.cpp in Compile Sources */,
				C36F1C16D6EEA728F2FCA4CC /* Game.cpp in Compile Sources */,
				0DE0128D7C945D5CFA4852D7 /* Judger.cpp in Compile Sources */,
				E316221239E5F67ED9887751 /* Loop.cpp in Compile Sources */,
				2B4983982B03DA0987BD3773 /* Map.cpp in Compile Sources */,
				6092CA4E20BD14BA8B979C4E /* Engine.cpp in Compile Sources */,
				297F982AB27D46EE7CAA6E7C /* Nuke.cpp in Compile Sources */,
				1FF9DC5C271DE3DC2D21A07F /* Weapon.cpp in Compile Sources */,
				0D46DE6672A4835F6222B73C /* Bomber.cpp in Compile Sources */,
				4BFC1A4088FA2E3F720620AB /* Bullet.cpp in Compile Sources */,
				0F3EEFECD9581A06A11798B6 /* Carrier.cpp in Compile Sources */,
				05DF2596A61EF8F1CAD56E74 /* Entity.cpp in Compile Sources */,
				8A654146CAC8AFEA34C9F64C /* Fighter.cpp in Compile Sources */,
				81C4E5DDF13E879A016B74FB /* LargeStar.cpp in Compile Sources */,
				7417526AEE0EFF7212C13107 /* LittleStar.cpp in Compile Sources */,
				B05EE5A81581443F24D77C90 /* LivingEntity.cpp in Compile Sources */,
				F38EA0FBFD6312B53AC97698 /* MovableEntity.cpp in Compile Sources */,
				4748FF51938F547AE44E55A9 /* ResourceEntity.cpp in Compile Sources */,
				1FC7F86FA7F48F08A7AF7973 /* main.cpp in Compile Sources */,
				AC77D44AEB0A9CDB14B26FFD /* dummy.cpp in Compile Sources */,
			);
			name = "Compile Sources";
			runOnlyForDeploymentPostprocessing = 0;
		};
/* End PBXSourcesBuildPhase section */

/* Begin PBXTargetDependency section */
		B9952650364F6960B61BA080 /* PBXTargetDependency */ = {
			isa = PBXTargetDependency;
			target = BD49D660498722637DB70424 /* Qt Preprocess */;
			targetProxy = 6048465822E1542500E62A7E /* PBXContainerItemProxy */;
		};
/* End PBXTargetDependency section */

/* Begin XCBuildConfiguration section */
		339EE1B2CC4FC24589A0EA95 /* Release */ = {
			isa = XCBuildConfiguration;
			buildSettings = {
				APPLICATION_EXTENSION_API_ONLY = NO;
				ARCHS = x86_64;
				"ARCHS[sdk=macosx*]" = x86_64;
				CC = /Applications/Xcode.app/Contents/Developer/Toolchains/XcodeDefault.xctoolchain/usr/bin/clang;
				CONFIGURATION_BUILD_DIR = "/Users/zhangone/code/qt/Flyhigher/codes/$(CONFIGURATION)$(EFFECTIVE_PLATFORM_NAME)";
				COPY_PHASE_STRIP = NO;
				DEVELOPMENT_TEAM = NAU5N45V9X;
				DYLIB_COMPATIBILITY_VERSION = 1.0;
				DYLIB_CURRENT_VERSION = 1.0.0;
				ENABLE_BITCODE = NO;
				FRAMEWORK_SEARCH_PATHS = (
					/usr/local/Cellar/qt/5.12.3/lib,
					/usr/local/Cellar/qt/5.12.3/lib,
				);
				GCC_VERSION = com.apple.compilers.llvm.clang.1_0;
				HEADER_SEARCH_PATHS = (
					.,
					/usr/local/include,
					/usr/local/Cellar/qt/5.12.3/lib/QtWidgets.framework/Headers,
					/usr/local/Cellar/qt/5.12.3/lib/QtGui.framework/Headers,
					/usr/local/Cellar/qt/5.12.3/lib/QtCore.framework/Headers,
					.,
					/Applications/Xcode.app/Contents/Developer/Platforms/MacOSX.platform/Developer/SDKs/MacOSX10.14.sdk/System/Library/Frameworks/OpenGL.framework/Headers,
					/Applications/Xcode.app/Contents/Developer/Platforms/MacOSX.platform/Developer/SDKs/MacOSX10.14.sdk/System/Library/Frameworks/AGL.framework/Headers,
					.,
					"/usr/local/Cellar/qt/5.12.3/mkspecs/macx-clang",
				);
				INFOPLIST_FILE = Info.plist;
				LDPLUSPLUS = "/Applications/Xcode.app/Contents/Developer/Toolchains/XcodeDefault.xctoolchain/usr/bin/clang++";
				LIBRARY_SEARCH_PATHS = (
					/usr/local/lib,
					/usr/local/Cellar/qt/5.12.3/lib,
					/System/Library/Frameworks/,
				);
				MACOSX_DEPLOYMENT_TARGET = 10.14;
				OTHER_CFLAGS = (
					"-pipe",
					"-O2",
					"-Wall",
					"-W",
					"-fPIC",
					"-DQT_DEPRECATED_WARNINGS",
					"-DQT_NO_DEBUG",
					"-DQT_WIDGETS_LIB",
					"-DQT_GUI_LIB",
					"-DQT_CORE_LIB",
				);
				OTHER_CPLUSPLUSFLAGS = (
					"-pipe",
					"-stdlib=libc++",
					"-O2",
					"-std=gnu++1z",
					"-Wall",
					"-W",
					"-fPIC",
					"-DQT_DEPRECATED_WARNINGS",
					"-DQT_NO_DEBUG",
					"-DQT_WIDGETS_LIB",
					"-DQT_GUI_LIB",
					"-DQT_CORE_LIB",
				);
				OTHER_LDFLAGS = (
					"-stdlib=libc++",
					"-headerpad_max_install_names",
					"-Wl,-rpath,@executable_path/../Frameworks",
					"-F/usr/local/Cellar/qt/5.12.3/lib",
				);
				PRODUCT_BUNDLE_IDENTIFIER = "zhangone.top.${PRODUCT_NAME:rfc1034identifier}";
				PRODUCT_NAME = Flyhigher;
				QMAKE_PKGINFO_TYPEINFO = "????";
				QT_LIBRARY_SUFFIX = "";
				SDKROOT = macosx;
				SYMROOT = /Users/zhangone/code/qt/Flyhigher/codes/.xcode;
			};
			name = Release;
		};
		3AA6C32AC930069E80220CF1 /* Debug */ = {
			isa = XCBuildConfiguration;
			buildSettings = {
				APPLICATION_EXTENSION_API_ONLY = NO;
				ARCHS = x86_64;
				"ARCHS[sdk=macosx*]" = x86_64;
				CC = /Applications/Xcode.app/Contents/Developer/Toolchains/XcodeDefault.xctoolchain/usr/bin/clang;
				CONFIGURATION_BUILD_DIR = "/Users/zhangone/code/qt/Flyhigher/codes/$(CONFIGURATION)$(EFFECTIVE_PLATFORM_NAME)";
				COPY_PHASE_STRIP = NO;
				DEVELOPMENT_TEAM = NAU5N45V9X;
				DYLIB_COMPATIBILITY_VERSION = 1.0;
				DYLIB_CURRENT_VERSION = 1.0.0;
				ENABLE_BITCODE = NO;
				FRAMEWORK_SEARCH_PATHS = (
					/usr/local/Cellar/qt/5.12.3/lib,
					/usr/local/Cellar/qt/5.12.3/lib,
				);
				GCC_OPTIMIZATION_LEVEL = 0;
				GCC_VERSION = com.apple.compilers.llvm.clang.1_0;
				HEADER_SEARCH_PATHS = (
					.,
					/usr/local/include,
					/usr/local/Cellar/qt/5.12.3/lib/QtWidgets.framework/Headers,
					/usr/local/Cellar/qt/5.12.3/lib/QtGui.framework/Headers,
					/usr/local/Cellar/qt/5.12.3/lib/QtCore.framework/Headers,
					.,
					/Applications/Xcode.app/Contents/Developer/Platforms/MacOSX.platform/Developer/SDKs/MacOSX10.14.sdk/System/Library/Frameworks/OpenGL.framework/Headers,
					/Applications/Xcode.app/Contents/Developer/Platforms/MacOSX.platform/Developer/SDKs/MacOSX10.14.sdk/System/Library/Frameworks/AGL.framework/Headers,
					.,
					"/usr/local/Cellar/qt/5.12.3/mkspecs/macx-clang",
				);
				INFOPLIST_FILE = Info.plist;
				LDPLUSPLUS = "/Applications/Xcode.app/Contents/Developer/Toolchains/XcodeDefault.xctoolchain/usr/bin/clang++";
				LIBRARY_SEARCH_PATHS = (
					/usr/local/lib,
					/usr/local/Cellar/qt/5.12.3/lib,
					/System/Library/Frameworks/,
				);
				MACOSX_DEPLOYMENT_TARGET = 10.14;
				ONLY_ACTIVE_ARCH = YES;
				OTHER_CFLAGS = (
					"-pipe",
					"-O2",
					"-Wall",
					"-W",
					"-fPIC",
					"-DQT_DEPRECATED_WARNINGS",
					"-DQT_NO_DEBUG",
					"-DQT_WIDGETS_LIB",
					"-DQT_GUI_LIB",
					"-DQT_CORE_LIB",
				);
				OTHER_CPLUSPLUSFLAGS = (
					"-pipe",
					"-stdlib=libc++",
					"-O2",
					"-std=gnu++1z",
					"-Wall",
					"-W",
					"-fPIC",
					"-DQT_DEPRECATED_WARNINGS",
					"-DQT_NO_DEBUG",
					"-DQT_WIDGETS_LIB",
					"-DQT_GUI_LIB",
					"-DQT_CORE_LIB",
				);
				OTHER_LDFLAGS = (
					"-stdlib=libc++",
					"-headerpad_max_install_names",
					"-Wl,-rpath,@executable_path/../Frameworks",
					"-F/usr/local/Cellar/qt/5.12.3/lib",
				);
				PRODUCT_BUNDLE_IDENTIFIER = "zhangone.top.${PRODUCT_NAME:rfc1034identifier}";
				PRODUCT_NAME = Flyhigher;
				QMAKE_PKGINFO_TYPEINFO = "????";
				QT_LIBRARY_SUFFIX = "";
				SDKROOT = macosx;
				SYMROOT = /Users/zhangone/code/qt/Flyhigher/codes/.xcode;
			};
			name = Debug;
		};
		6666AA5E688052234F6758D8 /* Release */ = {
			isa = XCBuildConfiguration;
			buildSettings = {
				APPLICATION_EXTENSION_API_ONLY = NO;
				"ARCHS[sdk=macosx*]" = x86_64;
				COPY_PHASE_STRIP = NO;
				DEVELOPMENT_TEAM = NAU5N45V9X;
				ENABLE_BITCODE = NO;
				PRODUCT_BUNDLE_IDENTIFIER = "zhangone.top.${PRODUCT_NAME:rfc1034identifier}";
				PRODUCT_NAME = Flyhigher;
				QMAKE_PKGINFO_TYPEINFO = "????";
				QT_LIBRARY_SUFFIX = "";
				SDKROOT = macosx;
			};
			name = Release;
		};
		77418F46922677BB04ED38DD /* Debug */ = {
			isa = XCBuildConfiguration;
			buildSettings = {
				APPLICATION_EXTENSION_API_ONLY = NO;
				"ARCHS[sdk=macosx*]" = x86_64;
				COPY_PHASE_STRIP = NO;
				DEVELOPMENT_TEAM = NAU5N45V9X;
				ENABLE_BITCODE = NO;
				GCC_OPTIMIZATION_LEVEL = 0;
				ONLY_ACTIVE_ARCH = YES;
				PRODUCT_BUNDLE_IDENTIFIER = "zhangone.top.${PRODUCT_NAME:rfc1034identifier}";
				PRODUCT_NAME = Flyhigher;
				QMAKE_PKGINFO_TYPEINFO = "????";
				QT_LIBRARY_SUFFIX = "";
				SDKROOT = macosx;
			};
			name = Debug;
		};
/* End XCBuildConfiguration section */

/* Begin XCConfigurationList section */
		6CC3B5D2136C7CD6A5CF5A59 /* Build configuration list for PBXNativeTarget "Flyhigher" */ = {
			isa = XCConfigurationList;
			buildConfigurations = (
				77418F46922677BB04ED38DD /* Debug */,
				6666AA5E688052234F6758D8 /* Release */,
			);
			defaultConfigurationIsVisible = 0;
			defaultConfigurationName = Release;
		};
		DAC4C1AA5EDEA1C85E9CA5E6 /* Build configuration list for PBXProject "Flyhigher" */ = {
			isa = XCConfigurationList;
			buildConfigurations = (
				3AA6C32AC930069E80220CF1 /* Debug */,
				339EE1B2CC4FC24589A0EA95 /* Release */,
			);
			defaultConfigurationIsVisible = 0;
			defaultConfigurationName = Release;
		};
/* End XCConfigurationList section */
	};
	rootObject = 6DB9C3763D02B1415CD9D565 /* Project object */;
}
